<?xml version="1.0" encoding="UTF-8"?>
<!DOCTYPE plist PUBLIC "-//Apple//DTD PLIST 1.0//EN" "http://www.apple.com/DTDs/PropertyList-1.0.dtd">
<plist version="1.0"><dict><key>objects</key><dict><key>576C950A199A098D007BF08F</key><dict><key>isa</key><string>PBXProject</string><key>attributes</key><dict><key>CLASSPREFIX</key><string>PHS</string><key>LastUpgradeCheck</key><string>0500</string><key>ORGANIZATIONNAME</key><string>hackugyo</string><key>TargetAttributes</key><dict><key>576C9532199A098D007BF08F</key><dict><key>TestTargetID</key><string>576C9511199A098D007BF08F</string></dict></dict></dict><key>compatibilityVersion</key><string>Xcode 3.2</string><key>developmentRegion</key><string>English</string><key>hasScannedForEncodings</key><string>0</string><key>knownRegions</key><array><string>en</string><string>Base</string></array><key>projectDirPath</key><string></string><key>projectRoot</key><string></string><key>buildConfigurationList</key><string>576C950D199A098D007BF08F</string><key>mainGroup</key><string>576C9509199A098D007BF08F</string><key>productRefGroup</key><string>576C9513199A098D007BF08F</string><key>targets</key><array><string>576C9511199A098D007BF08F</string><string>576C9532199A098D007BF08F</string></array><key>projectReferences</key><array/></dict><key>576C9542199A098D007BF08F</key><dict><key>isa</key><string>XCBuildConfiguration</string><key>name</key><string>Debug</string><key>buildSettings</key><dict><key>ALWAYS_SEARCH_USER_PATHS</key><string>NO</string><key>ARCHS</key><string>$(ARCHS_STANDARD_INCLUDING_64_BIT)</string><key>CLANG_CXX_LANGUAGE_STANDARD</key><string>gnu++0x</string><key>CLANG_CXX_LIBRARY</key><string>libc++</string><key>CLANG_ENABLE_MODULES</key><string>YES</string><key>CLANG_ENABLE_OBJC_ARC</key><string>YES</string><key>CLANG_WARN_BOOL_CONVERSION</key><string>YES</string><key>CLANG_WARN_CONSTANT_CONVERSION</key><string>YES</string><key>CLANG_WARN_DIRECT_OBJC_ISA_USAGE</key><string>YES_ERROR</string><key>CLANG_WARN_EMPTY_BODY</key><string>YES</string><key>CLANG_WARN_ENUM_CONVERSION</key><string>YES</string><key>CLANG_WARN_INT_CONVERSION</key><string>YES</string><key>CLANG_WARN_OBJC_ROOT_CLASS</key><string>YES_ERROR</string><key>CLANG_WARN__DUPLICATE_METHOD_MATCH</key><string>YES</string><key>CODE_SIGN_IDENTITY[sdk=iphoneos*]</key><string>iPhone Developer</string><key>COPY_PHASE_STRIP</key><string>NO</string><key>GCC_C_LANGUAGE_STANDARD</key><string>gnu99</string><key>GCC_DYNAMIC_NO_PIC</key><string>NO</string><key>GCC_OPTIMIZATION_LEVEL</key><string>0</string><key>GCC_PREPROCESSOR_DEFINITIONS</key><array><string>DEBUG=1</string><string>$(inherited)</string></array><key>GCC_SYMBOLS_PRIVATE_EXTERN</key><string>NO</string><key>GCC_WARN_64_TO_32_BIT_CONVERSION</key><string>YES</string><key>GCC_WARN_ABOUT_RETURN_TYPE</key><string>YES_ERROR</string><key>GCC_WARN_UNDECLARED_SELECTOR</key><string>YES</string><key>GCC_WARN_UNINITIALIZED_AUTOS</key><string>YES</string><key>GCC_WARN_UNUSED_FUNCTION</key><string>YES</string><key>GCC_WARN_UNUSED_VARIABLE</key><string>YES</string><key>IPHONEOS_DEPLOYMENT_TARGET</key><string>7.0</string><key>ONLY_ACTIVE_ARCH</key><string>YES</string><key>SDKROOT</key><string>iphoneos</string></dict></dict><key>576C9543199A098D007BF08F</key><dict><key>isa</key><string>XCBuildConfiguration</string><key>name</key><string>Release</string><key>buildSettings</key><dict><key>ALWAYS_SEARCH_USER_PATHS</key><string>NO</string><key>ARCHS</key><string>$(ARCHS_STANDARD_INCLUDING_64_BIT)</string><key>CLANG_CXX_LANGUAGE_STANDARD</key><string>gnu++0x</string><key>CLANG_CXX_LIBRARY</key><string>libc++</string><key>CLANG_ENABLE_MODULES</key><string>YES</string><key>CLANG_ENABLE_OBJC_ARC</key><string>YES</string><key>CLANG_WARN_BOOL_CONVERSION</key><string>YES</string><key>CLANG_WARN_CONSTANT_CONVERSION</key><string>YES</string><key>CLANG_WARN_DIRECT_OBJC_ISA_USAGE</key><string>YES_ERROR</string><key>CLANG_WARN_EMPTY_BODY</key><string>YES</string><key>CLANG_WARN_ENUM_CONVERSION</key><string>YES</string><key>CLANG_WARN_INT_CONVERSION</key><string>YES</string><key>CLANG_WARN_OBJC_ROOT_CLASS</key><string>YES_ERROR</string><key>CLANG_WARN__DUPLICATE_METHOD_MATCH</key><string>YES</string><key>CODE_SIGN_IDENTITY[sdk=iphoneos*]</key><string>iPhone Developer</string><key>COPY_PHASE_STRIP</key><string>YES</string><key>ENABLE_NS_ASSERTIONS</key><string>NO</string><key>GCC_C_LANGUAGE_STANDARD</key><string>gnu99</string><key>GCC_WARN_64_TO_32_BIT_CONVERSION</key><string>YES</string><key>GCC_WARN_ABOUT_RETURN_TYPE</key><string>YES_ERROR</string><key>GCC_WARN_UNDECLARED_SELECTOR</key><string>YES</string><key>GCC_WARN_UNINITIALIZED_AUTOS</key><string>YES</string><key>GCC_WARN_UNUSED_FUNCTION</key><string>YES</string><key>GCC_WARN_UNUSED_VARIABLE</key><string>YES</string><key>IPHONEOS_DEPLOYMENT_TARGET</key><string>7.0</string><key>SDKROOT</key><string>iphoneos</string><key>VALIDATE_PRODUCT</key><string>YES</string></dict></dict><key>576C950D199A098D007BF08F</key><dict><key>isa</key><string>XCConfigurationList</string><key>defaultConfigurationIsVisible</key><string>0</string><key>defaultConfigurationName</key><string>Release</string><key>buildConfigurations</key><array><string>576C9542199A098D007BF08F</string><string>576C9543199A098D007BF08F</string></array></dict><key>576C952A199A098D007BF08F</key><dict><key>isa</key><string>PBXFileReference</string><key>path</key><string>PHSViewController.h</string><key>sourceTree</key><string>&lt;group&gt;</string><key>lastKnownFileType</key><string>sourcecode.c.h</string></dict><key>576C952B199A098D007BF08F</key><dict><key>isa</key><string>PBXFileReference</string><key>path</key><string>PHSViewController.m</string><key>sourceTree</key><string>&lt;group&gt;</string><key>lastKnownFileType</key><string>sourcecode.c.objc</string></dict><key>576C954C199A0A76007BF08F</key><dict><key>isa</key><string>PBXGroup</string><key>sourceTree</key><string>&lt;group&gt;</string><key>path</key><string>Controllers</string><key>name</key><string>Controllers</string><key>children</key><array><string>576C952A199A098D007BF08F</string><string>576C952B199A098D007BF08F</string></array></dict><key>576C954B199A0A6E007BF08F</key><dict><key>isa</key><string>PBXGroup</string><key>sourceTree</key><string>&lt;group&gt;</string><key>path</key><string>Classes</string><key>name</key><string>Classes</string><key>children</key><array><string>576C954C199A0A76007BF08F</string></array></dict><key>576C9524199A098D007BF08F</key><dict><key>isa</key><string>PBXFileReference</string><key>path</key><string>PHSAppDelegate.h</string><key>sourceTree</key><string>&lt;group&gt;</string><key>lastKnownFileType</key><string>sourcecode.c.h</string></dict><key>576C9525199A098D007BF08F</key><dict><key>isa</key><string>PBXFileReference</string><key>path</key><string>PHSAppDelegate.m</string><key>sourceTree</key><string>&lt;group&gt;</string><key>lastKnownFileType</key><string>sourcecode.c.objc</string></dict><key>576C9528199A098D007BF08F</key><dict><key>isa</key><string>PBXFileReference</string><key>name</key><string>Base</string><key>path</key><string>Base.lproj/Main.storyboard</string><key>sourceTree</key><string>&lt;group&gt;</string><key>lastKnownFileType</key><string>file.storyboard</string></dict><key>576C9527199A098D007BF08F</key><dict><key>isa</key><string>PBXVariantGroup</string><key>sourceTree</key><string>&lt;group&gt;</string><key>name</key><string>Main.storyboard</string><key>children</key><array><string>576C9528199A098D007BF08F</string></array></dict><key>576C952D199A098D007BF08F</key><dict><key>isa</key><string>PBXFileReference</string><key>path</key><string>Images.xcassets</string><key>sourceTree</key><string>&lt;group&gt;</string><key>lastKnownFileType</key><string>folder.assetcatalog</string></dict><key>576C951D199A098D007BF08F</key><dict><key>isa</key><string>PBXFileReference</string><key>path</key><string>Philosocial-Info.plist</string><key>sourceTree</key><string>&lt;group&gt;</string><key>lastKnownFileType</key><string>text.plist.xml</string></dict><key>576C951F199A098D007BF08F</key><dict><key>isa</key><string>PBXFileReference</string><key>name</key><string>en</string><key>path</key><string>en.lproj/InfoPlist.strings</string><key>sourceTree</key><string>&lt;group&gt;</string><key>lastKnownFileType</key><string>text.plist.strings</string></dict><key>576C951E199A098D007BF08F</key><dict><key>isa</key><string>PBXVariantGroup</string><key>sourceTree</key><string>&lt;group&gt;</string><key>name</key><string>InfoPlist.strings</string><key>children</key><array><string>576C951F199A098D007BF08F</string></array></dict><key>576C9521199A098D007BF08F</key><dict><key>isa</key><string>PBXFileReference</string><key>path</key><string>main.m</string><key>sourceTree</key><string>&lt;group&gt;</string><key>lastKnownFileType</key><string>sourcecode.c.objc</string></dict><key>576C9523199A098D007BF08F</key><dict><key>isa</key><string>PBXFileReference</string><key>path</key><string>Philosocial-Prefix.pch</string><key>sourceTree</key><string>&lt;group&gt;</string><key>lastKnownFileType</key><string>sourcecode.c.h</string></dict><key>576C951C199A098D007BF08F</key><dict><key>isa</key><string>PBXGroup</string><key>sourceTree</key><string>&lt;group&gt;</string><key>path</key><string>Supporting Files</string><key>name</key><string>Supporting Files</string><key>children</key><array><string>576C951D199A098D007BF08F</string><string>576C951E199A098D007BF08F</string><string>576C9521199A098D007BF08F</string><string>576C9523199A098D007BF08F</string></array></dict><key>576C951B199A098D007BF08F</key><dict><key>isa</key><string>PBXGroup</string><key>sourceTree</key><string>&lt;group&gt;</string><key>path</key><string>Philosocial</string><key>children</key><array><string>576C954B199A0A6E007BF08F</string><string>576C9524199A098D007BF08F</string><string>576C9525199A098D007BF08F</string><string>576C9527199A098D007BF08F</string><string>576C952D199A098D007BF08F</string><string>576C951C199A098D007BF08F</string></array></dict><key>576C9540199A098D007BF08F</key><dict><key>isa</key><string>PBXFileReference</string><key>path</key><string>PhilosocialTests.m</string><key>sourceTree</key><string>&lt;group&gt;</string><key>lastKnownFileType</key><string>sourcecode.c.objc</string></dict><key>576C953C199A098D007BF08F</key><dict><key>isa</key><string>PBXFileReference</string><key>path</key><string>PhilosocialTests-Info.plist</string><key>sourceTree</key><string>&lt;group&gt;</string><key>lastKnownFileType</key><string>text.plist.xml</string></dict><key>576C953E199A098D007BF08F</key><dict><key>isa</key><string>PBXFileReference</string><key>name</key><string>en</string><key>path</key><string>en.lproj/InfoPlist.strings</string><key>sourceTree</key><string>&lt;group&gt;</string><key>lastKnownFileType</key><string>text.plist.strings</string></dict><key>576C953D199A098D007BF08F</key><dict><key>isa</key><string>PBXVariantGroup</string><key>sourceTree</key><string>&lt;group&gt;</string><key>name</key><string>InfoPlist.strings</string><key>children</key><array><string>576C953E199A098D007BF08F</string></array></dict><key>576C953B199A098D007BF08F</key><dict><key>isa</key><string>PBXGroup</string><key>sourceTree</key><string>&lt;group&gt;</string><key>path</key><string>Supporting Files</string><key>name</key><string>Supporting Files</string><key>children</key><array><string>576C953C199A098D007BF08F</string><string>576C953D199A098D007BF08F</string></array></dict><key>576C953A199A098D007BF08F</key><dict><key>isa</key><string>PBXGroup</string><key>sourceTree</key><string>&lt;group&gt;</string><key>path</key><string>PhilosocialTests</string><key>children</key><array><string>576C9540199A098D007BF08F</string><string>576C953B199A098D007BF08F</string></array></dict><key>576C9515199A098D007BF08F</key><dict><key>isa</key><string>PBXFileReference</string><key>name</key><string>Foundation.framework</string><key>path</key><string>System/Library/Frameworks/Foundation.framework</string><key>sourceTree</key><string>SDKROOT</string><key>lastKnownFileType</key><string>wrapper.framework</string></dict><key>576C9517199A098D007BF08F</key><dict><key>isa</key><string>PBXFileReference</string><key>name</key><string>CoreGraphics.framework</string><key>path</key><string>System/Library/Frameworks/CoreGraphics.framework</string><key>sourceTree</key><string>SDKROOT</string><key>lastKnownFileType</key><string>wrapper.framework</string></dict><key>576C9519199A098D007BF08F</key><dict><key>isa</key><string>PBXFileReference</string><key>name</key><string>UIKit.framework</string><key>path</key><string>System/Library/Frameworks/UIKit.framework</string><key>sourceTree</key><string>SDKROOT</string><key>lastKnownFileType</key><string>wrapper.framework</string></dict><key>576C9534199A098D007BF08F</key><dict><key>isa</key><string>PBXFileReference</string><key>name</key><string>XCTest.framework</string><key>path</key><string>Library/Frameworks/XCTest.framework</string><key>sourceTree</key><string>DEVELOPER_DIR</string><key>lastKnownFileType</key><string>wrapper.framework</string></dict><key>AB354659FCC14F61A84BCD3F</key><dict><key>isa</key><string>PBXFileReference</string><key>path</key><string>libPods.a</string><key>sourceTree</key><string>BUILT_PRODUCTS_DIR</string><key>explicitFileType</key><string>archive.ar</string><key>includeInIndex</key><string>0</string></dict><key>576C9514199A098D007BF08F</key><dict><key>isa</key><string>PBXGroup</string><key>sourceTree</key><string>&lt;group&gt;</string><key>name</key><string>Frameworks</string><key>children</key><array><string>576C9515199A098D007BF08F</string><string>576C9517199A098D007BF08F</string><string>576C9519199A098D007BF08F</string><string>576C9534199A098D007BF08F</string><string>AB354659FCC14F61A84BCD3F</string></array></dict><key>576C9512199A098D007BF08F</key><dict><key>isa</key><string>PBXFileReference</string><key>path</key><string>Philosocial.app</string><key>sourceTree</key><string>BUILT_PRODUCTS_DIR</string><key>explicitFileType</key><string>wrapper.application</string><key>includeInIndex</key><string>0</string></dict><key>576C9533199A098D007BF08F</key><dict><key>isa</key><string>PBXFileReference</string><key>path</key><string>PhilosocialTests.xctest</string><key>sourceTree</key><string>BUILT_PRODUCTS_DIR</string><key>explicitFileType</key><string>wrapper.cfbundle</string><key>includeInIndex</key><string>0</string></dict><key>576C9513199A098D007BF08F</key><dict><key>isa</key><string>PBXGroup</string><key>sourceTree</key><string>&lt;group&gt;</string><key>name</key><string>Products</string><key>children</key><array><string>576C9512199A098D007BF08F</string><string>576C9533199A098D007BF08F</string></array></dict><key>9C35D963F9D94B0FBFA8485C</key><dict><key>isa</key><string>PBXFileReference</string><key>name</key><string>Pods.xcconfig</string><key>path</key><string>Pods/Pods.xcconfig</string><key>sourceTree</key><string>&lt;group&gt;</string><key>lastKnownFileType</key><string>text.xcconfig</string><key>includeInIndex</key><string>1</string></dict><key>576C9509199A098D007BF08F</key><dict><key>isa</key><string>PBXGroup</string><key>sourceTree</key><string>&lt;group&gt;</string><key>children</key><array><string>576C951B199A098D007BF08F</string><string>576C953A199A098D007BF08F</string><string>576C9514199A098D007BF08F</string><string>576C9513199A098D007BF08F</string><string>9C35D963F9D94B0FBFA8485C</string></array></dict><key>576C9545199A098D007BF08F</key><dict><key>isa</key><string>XCBuildConfiguration</string><key>name</key><string>Debug</string><key>buildSettings</key><dict><key>ASSETCATALOG_COMPILER_APPICON_NAME</key><string>AppIcon</string><key>ASSETCATALOG_COMPILER_LAUNCHIMAGE_NAME</key><string>LaunchImage</string><key>GCC_PRECOMPILE_PREFIX_HEADER</key><string>YES</string><key>GCC_PREFIX_HEADER</key><string>Philosocial/Supporting Files/Philosocial-Prefix.pch</string><key>INFOPLIST_FILE</key><string>Philosocial/Supporting Files/Philosocial-Info.plist</string><key>PRODUCT_NAME</key><string>$(TARGET_NAME)</string><key>WRAPPER_EXTENSION</key><string>app</string></dict><key>baseConfigurationReference</key><string>9C35D963F9D94B0FBFA8485C</string></dict><key>576C9546199A098D007BF08F</key><dict><key>isa</key><string>XCBuildConfiguration</string><key>name</key><string>Release</string><key>buildSettings</key><dict><key>ASSETCATALOG_COMPILER_APPICON_NAME</key><string>AppIcon</string><key>ASSETCATALOG_COMPILER_LAUNCHIMAGE_NAME</key><string>LaunchImage</string><key>GCC_PRECOMPILE_PREFIX_HEADER</key><string>YES</string><key>GCC_PREFIX_HEADER</key><string>Philosocial/Supporting Files/Philosocial-Prefix.pch</string><key>INFOPLIST_FILE</key><string>Philosocial/Supporting Files/Philosocial-Info.plist</string><key>PRODUCT_NAME</key><string>$(TARGET_NAME)</string><key>WRAPPER_EXTENSION</key><string>app</string></dict><key>baseConfigurationReference</key><string>9C35D963F9D94B0FBFA8485C</string></dict><key>576C9544199A098D007BF08F</key><dict><key>isa</key><string>XCConfigurationList</string><key>defaultConfigurationIsVisible</key><string>0</string><key>defaultConfigurationName</key><string>Release</string><key>buildConfigurations</key><array><string>576C9545199A098D007BF08F</string><string>576C9546199A098D007BF08F</string></array></dict><key>553753EDC2F54BC9AA337EE0</key><dict><key>isa</key><string>PBXShellScriptBuildPhase</string><key>name</key><string>Check Pods Manifest.lock</string><key>inputPaths</key><array/><key>outputPaths</key><array/><key>shellPath</key><string>/bin/sh</string><key>shellScript</key><string>diff &quot;${PODS_ROOT}/../Podfile.lock&quot; &quot;${PODS_ROOT}/Manifest.lock&quot; &gt; /dev/null
if [[ $? != 0 ]] ; then
    cat &lt;&lt; EOM
error: The sandbox is not in sync with the Podfile.lock. Run &apos;pod install&apos; or update your CocoaPods installation.
EOM
    exit 1
fi
</string><key>showEnvVarsInLog</key><string>0</string><key>buildActionMask</key><string>2147483647</string><key>runOnlyForDeploymentPostprocessing</key><string>0</string><key>files</key><array/></dict><key>576C952C199A098D007BF08F</key><dict><key>isa</key><string>PBXBuildFile</string><key>fileRef</key><string>576C952B199A098D007BF08F</string></dict><key>576C9526199A098D007BF08F</key><dict><key>isa</key><string>PBXBuildFile</string><key>fileRef</key><string>576C9525199A098D007BF08F</string></dict><key>576C9522199A098D007BF08F</key><dict><key>isa</key><string>PBXBuildFile</string><key>fileRef</key><string>576C9521199A098D007BF08F</string></dict><key>576C950E199A098D007BF08F</key><dict><key>isa</key><string>PBXSourcesBuildPhase</string><key>buildActionMask</key><string>2147483647</string><key>runOnlyForDeploymentPostprocessing</key><string>0</string><key>files</key><array><string>576C952C199A098D007BF08F</string><string>576C9526199A098D007BF08F</string><string>576C9522199A098D007BF08F</string></array></dict><key>576C9518199A098D007BF08F</key><dict><key>isa</key><string>PBXBuildFile</string><key>fileRef</key><string>576C9517199A098D007BF08F</string></dict><key>576C951A199A098D007BF08F</key><dict><key>isa</key><string>PBXBuildFile</string><key>fileRef</key><string>576C9519199A098D007BF08F</string></dict><key>576C9516199A098D007BF08F</key><dict><key>isa</key><string>PBXBuildFile</string><key>fileRef</key><string>576C9515199A098D007BF08F</string></dict><key>A1090B2D51AE47ECA57B8F01</key><dict><key>isa</key><string>PBXBuildFile</string><key>fileRef</key><string>AB354659FCC14F61A84BCD3F</string></dict><key>576C950F199A098D007BF08F</key><dict><key>isa</key><string>PBXFrameworksBuildPhase</string><key>buildActionMask</key><string>2147483647</string><key>runOnlyForDeploymentPostprocessing</key><string>0</string><key>files</key><array><string>576C9518199A098D007BF08F</string><string>576C951A199A098D007BF08F</string><string>576C9516199A098D007BF08F</string><string>A1090B2D51AE47ECA57B8F01</string></array></dict><key>576C952E199A098D007BF08F</key><dict><key>isa</key><string>PBXBuildFile</string><key>fileRef</key><string>576C952D199A098D007BF08F</string></dict><key>576C9520199A098D007BF08F</key><dict><key>isa</key><string>PBXBuildFile</string><key>fileRef</key><string>576C951E199A098D007BF08F</string></dict><key>576C9529199A098D007BF08F</key><dict><key>isa</key><string>PBXBuildFile</string><key>fileRef</key><string>576C9527199A098D007BF08F</string></dict><key>576C9510199A098D007BF08F</key><dict><key>isa</key><string>PBXResourcesBuildPhase</string><key>buildActionMask</key><string>2147483647</string><key>runOnlyForDeploymentPostprocessing</key><string>0</string><key>files</key><array><string>576C952E199A098D007BF08F</string><string>576C9520199A098D007BF08F</string><string>576C9529199A098D007BF08F</string></array></dict><key>CB60146ECD944DFDBE071813</key><dict><key>isa</key><string>PBXShellScriptBuildPhase</string><key>name</key><string>Copy Pods Resources</string><key>inputPaths</key><array/><key>outputPaths</key><array/><key>shellPath</key><string>/bin/sh</string><key>shellScript</key><string>&quot;${SRCROOT}/Pods/Pods-resources.sh&quot;
</string><key>showEnvVarsInLog</key><string>0</string><key>buildActionMask</key><string>2147483647</string><key>runOnlyForDeploymentPostprocessing</key><string>0</string><key>files</key><array/></dict><key>576C9511199A098D007BF08F</key><dict><key>isa</key><string>PBXNativeTarget</string><key>productType</key><string>com.apple.product-type.application</string><key>name</key><string>Philosocial</string><key>productName</key><string>Philosocial</string><key>productReference</key><string>576C9512199A098D007BF08F</string><key>buildConfigurationList</key><string>576C9544199A098D007BF08F</string><key>buildRules</key><array/><key>buildPhases</key><array><string>553753EDC2F54BC9AA337EE0</string><string>576C950E199A098D007BF08F</string><string>576C950F199A098D007BF08F</string><string>576C9510199A098D007BF08F</string><string>CB60146ECD944DFDBE071813</string></array><key>dependencies</key><array/></dict><key>576C9548199A098D007BF08F</key><dict><key>isa</key><string>XCBuildConfiguration</string><key>name</key><string>Debug</string><key>buildSettings</key><dict><key>ARCHS</key><string>$(ARCHS_STANDARD_INCLUDING_64_BIT)</string><key>BUNDLE_LOADER</key><string>$(BUILT_PRODUCTS_DIR)/Philosocial.app/Philosocial</string><key>FRAMEWORK_SEARCH_PATHS</key><array><string>$(SDKROOT)/Developer/Library/Frameworks</string><string>$(inherited)</string><string>$(DEVELOPER_FRAMEWORKS_DIR)</string></array><key>GCC_PRECOMPILE_PREFIX_HEADER</key><string>YES</string><key>GCC_PREFIX_HEADER</key><string>Philosocial/Supporting Files/Philosocial-Prefix.pch</string><key>GCC_PREPROCESSOR_DEFINITIONS</key><array><string>DEBUG=1</string><string>$(inherited)</string></array><key>INFOPLIST_FILE</key><string>PhilosocialTests/Supporting Files/PhilosocialTests-Info.plist</string><key>PRODUCT_NAME</key><string>$(TARGET_NAME)</string><key>TEST_HOST</key><string>$(BUNDLE_LOADER)</string><key>WRAPPER_EXTENSION</key><string>xctest</string></dict></dict><key>576C9549199A098D007BF08F</key><dict><key>isa</key><string>XCBuildConfiguration</string><key>name</key><string>Release</string><key>buildSettings</key><dict><key>ARCHS</key><string>$(ARCHS_STANDARD_INCLUDING_64_BIT)</string><key>BUNDLE_LOADER</key><string>$(BUILT_PRODUCTS_DIR)/Philosocial.app/Philosocial</string><key>FRAMEWORK_SEARCH_PATHS</key><array><string>$(SDKROOT)/Developer/Library/Frameworks</string><string>$(inherited)</string><string>$(DEVELOPER_FRAMEWORKS_DIR)</string></array><key>GCC_PRECOMPILE_PREFIX_HEADER</key><string>YES</string><key>GCC_PREFIX_HEADER</key><string>Philosocial/Supporting Files/Philosocial-Prefix.pch</string><key>INFOPLIST_FILE</key><string>PhilosocialTests/Supporting Files/PhilosocialTests-Info.plist</string><key>PRODUCT_NAME</key><string>$(TARGET_NAME)</string><key>TEST_HOST</key><string>$(BUNDLE_LOADER)</string><key>WRAPPER_EXTENSION</key><string>xctest</string></dict></dict><key>576C9547199A098D007BF08F</key><dict><key>isa</key><string>XCConfigurationList</string><key>defaultConfigurationIsVisible</key><string>0</string><key>defaultConfigurationName</key><string>Release</string><key>buildConfigurations</key><array><string>576C9548199A098D007BF08F</string><string>576C9549199A098D007BF08F</string></array></dict><key>576C9541199A098D007BF08F</key><dict><key>isa</key><string>PBXBuildFile</string><key>fileRef</key><string>576C9540199A098D007BF08F</string></dict><key>576C952F199A098D007BF08F</key><dict><key>isa</key><string>PBXSourcesBuildPhase</string><key>buildActionMask</key><string>2147483647</string><key>runOnlyForDeploymentPostprocessing</key><string>0</string><key>files</key><array><string>576C9541199A098D007BF08F</string></array></dict><key>576C9535199A098D007BF08F</key><dict><key>isa</key><string>PBXBuildFile</string><key>fileRef</key><string>576C9534199A098D007BF08F</string></dict><key>576C9537199A098D007BF08F</key><dict><key>isa</key><string>PBXBuildFile</string><key>fileRef</key><string>576C9519199A098D007BF08F</string></dict><key>576C9536199A098D007BF08F</key><dict><key>isa</key><string>PBXBuildFile</string><key>fileRef</key><string>576C9515199A098D007BF08F</string></dict><key>576C9530199A098D007BF08F</key><dict><key>isa</key><string>PBXFrameworksBuildPhase</string><key>buildActionMask</key><string>2147483647</string><key>runOnlyForDeploymentPostprocessing</key><string>0</string><key>files</key><array><string>576C9535199A098D007BF08F</string><string>576C9537199A098D007BF08F</string><string>576C9536199A098D007BF08F</string></array></dict><key>576C953F199A098D007BF08F</key><dict><key>isa</key><string>PBXBuildFile</string><key>fileRef</key><string>576C953D199A098D007BF08F</string></dict><key>576C9531199A098D007BF08F</key><dict><key>isa</key><string>PBXResourcesBuildPhase</string><key>buildActionMask</key><string>2147483647</string><key>runOnlyForDeploymentPostprocessing</key><string>0</string><key>files</key><array><string>576C953F199A098D007BF08F</string></array></dict><key>576C9538199A098D007BF08F</key><dict><key>isa</key><string>PBXContainerItemProxy</string><key>containerPortal</key><string>576C950A199A098D007BF08F</string><key>proxyType</key><string>1</string><key>remoteGlobalIDString</key><string>576C9511199A098D007BF08F</string><key>remoteInfo</key><string>Philosocial</string></dict><key>576C9539199A098D007BF08F</key><dict><key>isa</key><string>PBXTargetDependency</string><key>target</key><string>576C9511199A098D007BF08F</string><key>targetProxy</key><string>576C9538199A098D007BF08F</string></dict><key>576C9532199A098D007BF08F</key><dict><key>isa</key><string>PBXNativeTarget</string><key>productType</key><string>com.apple.product-type.bundle.unit-test</string><key>name</key><string>PhilosocialTests</string><key>productName</key><string>PhilosocialTests</string><key>productReference</key><string>576C9533199A098D007BF08F</string><key>buildConfigurationList</key><string>576C9547199A098D007BF08F</string><key>buildRules</key><array/><key>buildPhases</key><array><string>576C952F199A098D007BF08F</string><string>576C9530199A098D007BF08F</string><string>576C9531199A098D007BF08F</string></array><key>dependencies</key><array><string>576C9539199A098D007BF08F</string></array></dict></dict><key>archiveVersion</key><string>1</string><key>objectVersion</key><string>46</string><key>classes</key><dict/><key>rootObject</key><string>576C950A199A098D007BF08F</string></dict></plist>
